<?xml version="1.0" encoding="utf-8"?>
<Project ToolsVersion="4.0" xmlns="http://schemas.microsoft.com/developer/msbuild/2003">
  <ItemGroup>
    <Filter Include="Source Files">
      <UniqueIdentifier>{4FC737F1-C7A5-4376-A066-2A32D752A2FF}</UniqueIdentifier>
      <Extensions>cpp;c;cc;cxx;c++;cppm;ixx;def;odl;idl;hpj;bat;asm;asmx</Extensions>
    </Filter>
    <Filter Include="Header Files">
      <UniqueIdentifier>{93995380-89BD-4b04-88EB-625FBE52EBFB}</UniqueIdentifier>
      <Extensions>h;hh;hpp;hxx;h++;hm;inl;inc;ipp;xsd</Extensions>
    </Filter>
    <Filter Include="Resource Files">
      <UniqueIdentifier>{67DA6AB6-F800-4c08-8B7A-83BB121AAD01}</UniqueIdentifier>
      <Extensions>rc;ico;cur;bmp;dlg;rc2;rct;bin;rgs;gif;jpg;jpeg;jpe;resx;tiff;tif;png;wav;mfcribbon-ms</Extensions>
    </Filter>
    <Filter Include="Source Files\task1">
      <UniqueIdentifier>{241e9aad-1fb5-4958-ba93-7dfe2311d4cd}</UniqueIdentifier>
    </Filter>
    <Filter Include="Source Files\task_2">
      <UniqueIdentifier>{ce5aeba0-99bd-430a-a3c1-834750ac52af}</UniqueIdentifier>
    </Filter>
    <Filter Include="Source Files\Menu">
      <UniqueIdentifier>{ffb7a0db-71ba-4fbd-8d3f-07bd5f951f3c}</UniqueIdentifier>
    </Filter>
  </ItemGroup>
  <ItemGroup>
    <ClCompile Include="Main.cpp">
      <Filter>Source Files</Filter>
    </ClCompile>
    <ClCompile Include="Header.cpp">
      <Filter>Source Files</Filter>
    </ClCompile>
    <ClCompile Include="task1.cpp">
      <Filter>Source Files\task1</Filter>
    </ClCompile>
    <ClCompile Include="task_2.cpp">
      <Filter>Source Files\task_2</Filter>
    </ClCompile>
    <ClCompile Include="Menu.cpp">
      <Filter>Source Files\Menu</Filter>
    </ClCompile>
  </ItemGroup>
  <ItemGroup>
    <ClInclude Include="Header.h">
      <Filter>Header Files</Filter>
    </ClInclude>
    <ClInclude Include="task1.h">
      <Filter>Header Files</Filter>
    </ClInclude>
    <ClInclude Include="task2.h">
      <Filter>Header Files</Filter>
    </ClInclude>
    <ClInclude Include="Menu.h">
      <Filter>Header Files</Filter>
    </ClInclude>
  </ItemGroup>
  <ItemGroup>
    <Text Include="Text.txt">
      <Filter>Source Files</Filter>
    </Text>
    <Text Include="Text1.txt">
      <Filter>Source Files</Filter>
    </Text>
    <Text Include="Text2.txt">
      <Filter>Source Files</Filter>
    </Text>
    <Text Include="user_name.txt">
      <Filter>Source Files\task1</Filter>
    </Text>
    <Text Include="pass.txt">
      <Filter>Source Files\task1</Filter>
    </Text>
    <Text Include="position.txt">
      <Filter>Source Files\task1</Filter>
    </Text>
    <Text Include="subject.txt">
      <Filter>Source Files\task_2</Filter>
    </Text>
    <Text Include="quanity.txt">
      <Filter>Source Files\task_2</Filter>
    </Text>
    <Text Include="point.txt">
      <Filter>Source Files\task_2</Filter>
    </Text>
    <Text Include="average.txt">
      <Filter>Source Files\task_2</Filter>
    </Text>
    <Text Include="GPA.txt">
      <Filter>Source Files\task_2</Filter>
    </Text>
  </ItemGroup>
</Project>